
Microsoft Visual Studio Solution File, Format Version 12.00
# Visual Studio Version 17
VisualStudioVersion = 17.2.32630.192
MinimumVisualStudioVersion = 10.0.40219.1
Project("{FAE04EC0-301F-11D3-BF4B-00C04F79EFBC}") = "IsraeliHope", "IsraeliHope\IsraeliHope.csproj", "{4121FC77-1847-421C-9BB1-49747D1DF2D9}"
EndProject
Global
	GlobalSection(SolutionConfigurationPlatforms) = preSolution
		Debug|Any CPU = Debug|Any CPU
		Release|Any CPU = Release|Any CPU
	EndGlobalSection
	GlobalSection(ProjectConfigurationPlatforms) = postSolution
		{4121FC77-1847-421C-9BB1-49747D1DF2D9}.Debug|Any CPU.ActiveCfg = Debug|Any CPU
		{4121FC77-1847-421C-9BB1-49747D1DF2D9}.Debug|Any CPU.Build.0 = Debug|Any CPU
		{4121FC77-1847-421C-9BB1-49747D1DF2D9}.Release|Any CPU.ActiveCfg = Release|Any CPU
		{4121FC77-1847-421C-9BB1-49747D1DF2D9}.Release|Any CPU.Build.0 = Release|Any CPU
	EndGlobalSection
	GlobalSection(SolutionProperties) = preSolution
		HideSolutionNode = FALSE
	EndGlobalSection
	GlobalSection(ExtensibilityGlobals) = postSolution
		SolutionGuid = {08822BBF-A0D4-4F4C-8D46-E8F4AA818588}
	EndGlobalSection
EndGlobal
